
Microsoft Visual Studio Solution File, Format Version 12.00
# Visual Studio Version 16
VisualStudioVersion = 16.0.31624.102
MinimumVisualStudioVersion = 10.0.40219.1
Project("{FAE04EC0-301F-11D3-BF4B-00C04F79EFBC}") = "WebAPI", "WebAPI.csproj", "{D6564C53-FC7B-4F95-983E-E421AFD69688}"
EndProject
Global
	GlobalSection(SolutionConfigurationPlatforms) = preSolution
		Debug|Any CPU = Debug|Any CPU
		Release|Any CPU = Release|Any CPU
	EndGlobalSection
	GlobalSection(ProjectConfigurationPlatforms) = postSolution
		{D6564C53-FC7B-4F95-983E-E421AFD69688}.Debug|Any CPU.ActiveCfg = Debug|Any CPU
		{D6564C53-FC7B-4F95-983E-E421AFD69688}.Debug|Any CPU.Build.0 = Debug|Any CPU
		{D6564C53-FC7B-4F95-983E-E421AFD69688}.Release|Any CPU.ActiveCfg = Release|Any CPU
		{D6564C53-FC7B-4F95-983E-E421AFD69688}.Release|Any CPU.Build.0 = Release|Any CPU
	EndGlobalSection
	GlobalSection(SolutionProperties) = preSolution
		HideSolutionNode = FALSE
	EndGlobalSection
	GlobalSection(ExtensibilityGlobals) = postSolution
		SolutionGuid = {D72F6C67-54E4-4AAC-84C8-5CEA9AD8BBB4}
	EndGlobalSection
EndGlobal
